PODS:
  - Alamofire (5.4.1)
  - Kingfisher (5.15.8):
    - Kingfisher/Core (= 5.15.8)
  - Kingfisher/Core (5.15.8)

DEPENDENCIES:
  - Alamofire (~> 5.4.1)
  - Kingfisher (~> 5.15.8)

SPEC REPOS:
  trunk:
    - Alamofire
    - Kingfisher

SPEC CHECKSUMS:
  Alamofire: 2291f7d21ca607c491dd17642e5d40fdcda0e65c
  Kingfisher: a3c03d702433fa6cfedabb2bddbe076fb8f2e902

PODFILE CHECKSUM: 103d74e4a8254e4e9da2fd078ad030b159a52879

COCOAPODS: 1.10.0
