PODS:
  - Alamofire (5.4.1)
  - Kingfisher (5.15.8):
    - Kingfisher/Core (= 5.15.8)
  - Kingfisher/Core (5.15.8)
  - SwiftyJSON (5.0.0)

DEPENDENCIES:
  - Alamofire (~> 5.4.1)
  - Kingfisher (~> 5.15.8)
  - SwiftyJSON (~> 5.0.0)

SPEC REPOS:
  trunk:
    - Alamofire
    - Kingfisher
    - SwiftyJSON

SPEC CHECKSUMS:
  Alamofire: 2291f7d21ca607c491dd17642e5d40fdcda0e65c
  Kingfisher: a3c03d702433fa6cfedabb2bddbe076fb8f2e902
  SwiftyJSON: 36413e04c44ee145039d332b4f4e2d3e8d6c4db7

PODFILE CHECKSUM: 712a6c1c83d0fc27dc092b2a839fe6acf5528b38

COCOAPODS: 1.10.0
