// !$*UTF8*$!
{
	archiveVersion = 1;
	classes = {
	};
	objectVersion = 51;
	objects = {

/* Begin PBXBuildFile section */
		35363A85F372122159CCB58C /* Pods_Watcha_Task.framework in Frameworks */ = {isa = PBXBuildFile; fileRef = 438AF15C99EA7A81671B60AB /* Pods_Watcha_Task.framework */; };
		A22DE83225C7E9CB00F5B264 /* AppDelegate.swift in Sources */ = {isa = PBXBuildFile; fileRef = A22DE83125C7E9CB00F5B264 /* AppDelegate.swift */; };
		A22DE83425C7E9CB00F5B264 /* SceneDelegate.swift in Sources */ = {isa = PBXBuildFile; fileRef = A22DE83325C7E9CB00F5B264 /* SceneDelegate.swift */; };
		A22DE83B25C7E9CC00F5B264 /* Assets.xcassets in Resources */ = {isa = PBXBuildFile; fileRef = A22DE83A25C7E9CC00F5B264 /* Assets.xcassets */; };
		A22DE83E25C7E9CC00F5B264 /* LaunchScreen.storyboard in Resources */ = {isa = PBXBuildFile; fileRef = A22DE83C25C7E9CC00F5B264 /* LaunchScreen.storyboard */; };
		A22DE86425C881D800F5B264 /* GiphyTabBarController.swift in Sources */ = {isa = PBXBuildFile; fileRef = A22DE86325C881D800F5B264 /* GiphyTabBarController.swift */; };
		A22DE86725C881FA00F5B264 /* Search.storyboard in Resources */ = {isa = PBXBuildFile; fileRef = A22DE86625C881FA00F5B264 /* Search.storyboard */; };
		A22DE86A25C8821E00F5B264 /* SearchVC.swift in Sources */ = {isa = PBXBuildFile; fileRef = A22DE86925C8821E00F5B264 /* SearchVC.swift */; };
		A22DE86D25C8830F00F5B264 /* Favorites.storyboard in Resources */ = {isa = PBXBuildFile; fileRef = A22DE86C25C8830F00F5B264 /* Favorites.storyboard */; };
		A22DE87025C8832000F5B264 /* FavoritesVC.swift in Sources */ = {isa = PBXBuildFile; fileRef = A22DE86F25C8832000F5B264 /* FavoritesVC.swift */; };
		A26CBCFD25CBD66800B1E376 /* UIView+Extensions.swift in Sources */ = {isa = PBXBuildFile; fileRef = A26CBCFC25CBD66800B1E376 /* UIView+Extensions.swift */; };
		A26CBD0225CBD6BF00B1E376 /* UITextField+Extensions.swift in Sources */ = {isa = PBXBuildFile; fileRef = A26CBD0125CBD6BF00B1E376 /* UITextField+Extensions.swift */; };
		A26CBD0625CBD72F00B1E376 /* UIImageView+Extensions.swift in Sources */ = {isa = PBXBuildFile; fileRef = A26CBD0525CBD72F00B1E376 /* UIImageView+Extensions.swift */; };
		A26CBD0B25CBDA7600B1E376 /* UserDefaultKeys.swift in Sources */ = {isa = PBXBuildFile; fileRef = A26CBD0A25CBDA7600B1E376 /* UserDefaultKeys.swift */; };
		A26CBD0E25CBDBBF00B1E376 /* APIKeys.swift in Sources */ = {isa = PBXBuildFile; fileRef = A26CBD0D25CBDBBF00B1E376 /* APIKeys.swift */; };
/* End PBXBuildFile section */

/* Begin PBXFileReference section */
		068B8FF54160F20F46CAC2B0 /* Pods-Watcha-Task.release.xcconfig */ = {isa = PBXFileReference; includeInIndex = 1; lastKnownFileType = text.xcconfig; name = "Pods-Watcha-Task.release.xcconfig"; path = "Target Support Files/Pods-Watcha-Task/Pods-Watcha-Task.release.xcconfig"; sourceTree = "<group>"; };
		438AF15C99EA7A81671B60AB /* Pods_Watcha_Task.framework */ = {isa = PBXFileReference; explicitFileType = wrapper.framework; includeInIndex = 0; path = Pods_Watcha_Task.framework; sourceTree = BUILT_PRODUCTS_DIR; };
		A22DE82E25C7E9CB00F5B264 /* Watcha-Task.app */ = {isa = PBXFileReference; explicitFileType = wrapper.application; includeInIndex = 0; path = "Watcha-Task.app"; sourceTree = BUILT_PRODUCTS_DIR; };
		A22DE83125C7E9CB00F5B264 /* AppDelegate.swift */ = {isa = PBXFileReference; lastKnownFileType = sourcecode.swift; path = AppDelegate.swift; sourceTree = "<group>"; };
		A22DE83325C7E9CB00F5B264 /* SceneDelegate.swift */ = {isa = PBXFileReference; lastKnownFileType = sourcecode.swift; path = SceneDelegate.swift; sourceTree = "<group>"; };
		A22DE83A25C7E9CC00F5B264 /* Assets.xcassets */ = {isa = PBXFileReference; lastKnownFileType = folder.assetcatalog; path = Assets.xcassets; sourceTree = "<group>"; };
		A22DE83D25C7E9CC00F5B264 /* Base */ = {isa = PBXFileReference; lastKnownFileType = file.storyboard; name = Base; path = Base.lproj/LaunchScreen.storyboard; sourceTree = "<group>"; };
		A22DE83F25C7E9CC00F5B264 /* Info.plist */ = {isa = PBXFileReference; lastKnownFileType = text.plist.xml; name = Info.plist; path = "Watcha-Task/Resource/Apps/Info.plist"; sourceTree = SOURCE_ROOT; };
		A22DE86325C881D800F5B264 /* GiphyTabBarController.swift */ = {isa = PBXFileReference; lastKnownFileType = sourcecode.swift; path = GiphyTabBarController.swift; sourceTree = "<group>"; };
		A22DE86625C881FA00F5B264 /* Search.storyboard */ = {isa = PBXFileReference; lastKnownFileType = file.storyboard; path = Search.storyboard; sourceTree = "<group>"; };
		A22DE86925C8821E00F5B264 /* SearchVC.swift */ = {isa = PBXFileReference; lastKnownFileType = sourcecode.swift; path = SearchVC.swift; sourceTree = "<group>"; };
		A22DE86C25C8830F00F5B264 /* Favorites.storyboard */ = {isa = PBXFileReference; lastKnownFileType = file.storyboard; path = Favorites.storyboard; sourceTree = "<group>"; };
		A22DE86F25C8832000F5B264 /* FavoritesVC.swift */ = {isa = PBXFileReference; lastKnownFileType = sourcecode.swift; path = FavoritesVC.swift; sourceTree = "<group>"; };
		A26CBCFC25CBD66800B1E376 /* UIView+Extensions.swift */ = {isa = PBXFileReference; lastKnownFileType = sourcecode.swift; path = "UIView+Extensions.swift"; sourceTree = "<group>"; };
		A26CBD0125CBD6BF00B1E376 /* UITextField+Extensions.swift */ = {isa = PBXFileReference; lastKnownFileType = sourcecode.swift; path = "UITextField+Extensions.swift"; sourceTree = "<group>"; };
		A26CBD0525CBD72F00B1E376 /* UIImageView+Extensions.swift */ = {isa = PBXFileReference; lastKnownFileType = sourcecode.swift; path = "UIImageView+Extensions.swift"; sourceTree = "<group>"; };
		A26CBD0A25CBDA7600B1E376 /* UserDefaultKeys.swift */ = {isa = PBXFileReference; lastKnownFileType = sourcecode.swift; path = UserDefaultKeys.swift; sourceTree = "<group>"; };
		A26CBD0D25CBDBBF00B1E376 /* APIKeys.swift */ = {isa = PBXFileReference; lastKnownFileType = sourcecode.swift; path = APIKeys.swift; sourceTree = "<group>"; };
		EBD3D52B76689EE277B530FD /* Pods-Watcha-Task.debug.xcconfig */ = {isa = PBXFileReference; includeInIndex = 1; lastKnownFileType = text.xcconfig; name = "Pods-Watcha-Task.debug.xcconfig"; path = "Target Support Files/Pods-Watcha-Task/Pods-Watcha-Task.debug.xcconfig"; sourceTree = "<group>"; };
/* End PBXFileReference section */

/* Begin PBXFrameworksBuildPhase section */
		A22DE82B25C7E9CB00F5B264 /* Frameworks */ = {
			isa = PBXFrameworksBuildPhase;
			buildActionMask = 2147483647;
			files = (
				35363A85F372122159CCB58C /* Pods_Watcha_Task.framework in Frameworks */,
			);
			runOnlyForDeploymentPostprocessing = 0;
		};
/* End PBXFrameworksBuildPhase section */

/* Begin PBXGroup section */
		6575A97C53845C43196DD67A /* Frameworks */ = {
			isa = PBXGroup;
			children = (
				438AF15C99EA7A81671B60AB /* Pods_Watcha_Task.framework */,
			);
			name = Frameworks;
			sourceTree = "<group>";
		};
		A22DE82525C7E9CB00F5B264 = {
			isa = PBXGroup;
			children = (
				A22DE83025C7E9CB00F5B264 /* Watcha-Task */,
				A22DE82F25C7E9CB00F5B264 /* Products */,
				B1194D97784BE749908B8877 /* Pods */,
				6575A97C53845C43196DD67A /* Frameworks */,
			);
			sourceTree = "<group>";
		};
		A22DE82F25C7E9CB00F5B264 /* Products */ = {
			isa = PBXGroup;
			children = (
				A22DE82E25C7E9CB00F5B264 /* Watcha-Task.app */,
			);
			name = Products;
			sourceTree = "<group>";
		};
		A22DE83025C7E9CB00F5B264 /* Watcha-Task */ = {
			isa = PBXGroup;
			children = (
				A22DE84725C7EFAA00F5B264 /* Resource */,
				A22DE83A25C7E9CC00F5B264 /* Assets.xcassets */,
				A22DE84625C7EF9B00F5B264 /* Source */,
			);
			path = "Watcha-Task";
			sourceTree = "<group>";
		};
		A22DE84625C7EF9B00F5B264 /* Source */ = {
			isa = PBXGroup;
			children = (
				A26CBCFB25CBD63C00B1E376 /* Extensions */,
				A22DE84925C7F00000F5B264 /* VCs */,
			);
			path = Source;
			sourceTree = "<group>";
		};
		A22DE84725C7EFAA00F5B264 /* Resource */ = {
			isa = PBXGroup;
			children = (
				A22DE84C25C872A300F5B264 /* Apps */,
				A22DE84825C7EFE200F5B264 /* Storyboards */,
				A26CBD0925CBDA5400B1E376 /* Support */,
			);
			path = Resource;
			sourceTree = "<group>";
		};
		A22DE84825C7EFE200F5B264 /* Storyboards */ = {
			isa = PBXGroup;
			children = (
				A22DE86625C881FA00F5B264 /* Search.storyboard */,
				A22DE83C25C7E9CC00F5B264 /* LaunchScreen.storyboard */,
				A22DE86C25C8830F00F5B264 /* Favorites.storyboard */,
			);
			path = Storyboards;
			sourceTree = "<group>";
		};
		A22DE84925C7F00000F5B264 /* VCs */ = {
			isa = PBXGroup;
			children = (
				A22DE86325C881D800F5B264 /* GiphyTabBarController.swift */,
				A22DE86925C8821E00F5B264 /* SearchVC.swift */,
				A22DE86F25C8832000F5B264 /* FavoritesVC.swift */,
			);
			path = VCs;
			sourceTree = "<group>";
		};
		A22DE84C25C872A300F5B264 /* Apps */ = {
			isa = PBXGroup;
			children = (
				A22DE83125C7E9CB00F5B264 /* AppDelegate.swift */,
				A22DE83F25C7E9CC00F5B264 /* Info.plist */,
				A22DE83325C7E9CB00F5B264 /* SceneDelegate.swift */,
			);
			path = Apps;
			sourceTree = "<group>";
		};
		A26CBCFB25CBD63C00B1E376 /* Extensions */ = {
			isa = PBXGroup;
			children = (
				A26CBCFC25CBD66800B1E376 /* UIView+Extensions.swift */,
				A26CBD0125CBD6BF00B1E376 /* UITextField+Extensions.swift */,
				A26CBD0525CBD72F00B1E376 /* UIImageView+Extensions.swift */,
			);
			path = Extensions;
			sourceTree = "<group>";
		};
		A26CBD0925CBDA5400B1E376 /* Support */ = {
			isa = PBXGroup;
			children = (
				A26CBD0A25CBDA7600B1E376 /* UserDefaultKeys.swift */,
				A26CBD0D25CBDBBF00B1E376 /* APIKeys.swift */,
			);
			path = Support;
			sourceTree = "<group>";
		};
		B1194D97784BE749908B8877 /* Pods */ = {
			isa = PBXGroup;
			children = (
				EBD3D52B76689EE277B530FD /* Pods-Watcha-Task.debug.xcconfig */,
				068B8FF54160F20F46CAC2B0 /* Pods-Watcha-Task.release.xcconfig */,
			);
			path = Pods;
			sourceTree = "<group>";
		};
/* End PBXGroup section */

/* Begin PBXNativeTarget section */
		A22DE82D25C7E9CB00F5B264 /* Watcha-Task */ = {
			isa = PBXNativeTarget;
			buildConfigurationList = A22DE84225C7E9CC00F5B264 /* Build configuration list for PBXNativeTarget "Watcha-Task" */;
			buildPhases = (
				C7FD2203581E191EE1DD0FDA /* [CP] Check Pods Manifest.lock */,
				A22DE82A25C7E9CB00F5B264 /* Sources */,
				A22DE82B25C7E9CB00F5B264 /* Frameworks */,
				A22DE82C25C7E9CB00F5B264 /* Resources */,
				B290382474D83F76C85E232E /* [CP] Embed Pods Frameworks */,
			);
			buildRules = (
			);
			dependencies = (
			);
			name = "Watcha-Task";
			productName = "Watcha-Task";
			productReference = A22DE82E25C7E9CB00F5B264 /* Watcha-Task.app */;
			productType = "com.apple.product-type.application";
		};
/* End PBXNativeTarget section */

/* Begin PBXProject section */
		A22DE82625C7E9CB00F5B264 /* Project object */ = {
			isa = PBXProject;
			attributes = {
				LastSwiftUpdateCheck = 1240;
				LastUpgradeCheck = 1240;
				TargetAttributes = {
					A22DE82D25C7E9CB00F5B264 = {
						CreatedOnToolsVersion = 12.4;
					};
				};
			};
			buildConfigurationList = A22DE82925C7E9CB00F5B264 /* Build configuration list for PBXProject "Watcha-Task" */;
			compatibilityVersion = "Xcode 9.3";
			developmentRegion = en;
			hasScannedForEncodings = 0;
			knownRegions = (
				en,
				Base,
			);
			mainGroup = A22DE82525C7E9CB00F5B264;
			productRefGroup = A22DE82F25C7E9CB00F5B264 /* Products */;
			projectDirPath = "";
			projectRoot = "";
			targets = (
				A22DE82D25C7E9CB00F5B264 /* Watcha-Task */,
			);
		};
/* End PBXProject section */

/* Begin PBXResourcesBuildPhase section */
		A22DE82C25C7E9CB00F5B264 /* Resources */ = {
			isa = PBXResourcesBuildPhase;
			buildActionMask = 2147483647;
			files = (
				A22DE83E25C7E9CC00F5B264 /* LaunchScreen.storyboard in Resources */,
				A22DE83B25C7E9CC00F5B264 /* Assets.xcassets in Resources */,
				A22DE86725C881FA00F5B264 /* Search.storyboard in Resources */,
				A22DE86D25C8830F00F5B264 /* Favorites.storyboard in Resources */,
			);
			runOnlyForDeploymentPostprocessing = 0;
		};
/* End PBXResourcesBuildPhase section */

/* Begin PBXShellScriptBuildPhase section */
		B290382474D83F76C85E232E /* [CP] Embed Pods Frameworks */ = {
			isa = PBXShellScriptBuildPhase;
			buildActionMask = 2147483647;
			files = (
			);
			inputFileListPaths = (
				"${PODS_ROOT}/Target Support Files/Pods-Watcha-Task/Pods-Watcha-Task-frameworks-${CONFIGURATION}-input-files.xcfilelist",
			);
			name = "[CP] Embed Pods Frameworks";
			outputFileListPaths = (
				"${PODS_ROOT}/Target Support Files/Pods-Watcha-Task/Pods-Watcha-Task-frameworks-${CONFIGURATION}-output-files.xcfilelist",
			);
			runOnlyForDeploymentPostprocessing = 0;
			shellPath = /bin/sh;
			shellScript = "\"${PODS_ROOT}/Target Support Files/Pods-Watcha-Task/Pods-Watcha-Task-frameworks.sh\"\n";
			showEnvVarsInLog = 0;
		};
		C7FD2203581E191EE1DD0FDA /* [CP] Check Pods Manifest.lock */ = {
			isa = PBXShellScriptBuildPhase;
			buildActionMask = 2147483647;
			files = (
			);
			inputFileListPaths = (
			);
			inputPaths = (
				"${PODS_PODFILE_DIR_PATH}/Podfile.lock",
				"${PODS_ROOT}/Manifest.lock",
			);
			name = "[CP] Check Pods Manifest.lock";
			outputFileListPaths = (
			);
			outputPaths = (
				"$(DERIVED_FILE_DIR)/Pods-Watcha-Task-checkManifestLockResult.txt",
			);
			runOnlyForDeploymentPostprocessing = 0;
			shellPath = /bin/sh;
			shellScript = "diff \"${PODS_PODFILE_DIR_PATH}/Podfile.lock\" \"${PODS_ROOT}/Manifest.lock\" > /dev/null\nif [ $? != 0 ] ; then\n    # print error to STDERR\n    echo \"error: The sandbox is not in sync with the Podfile.lock. Run 'pod install' or update your CocoaPods installation.\" >&2\n    exit 1\nfi\n# This output is used by Xcode 'outputs' to avoid re-running this script phase.\necho \"SUCCESS\" > \"${SCRIPT_OUTPUT_FILE_0}\"\n";
			showEnvVarsInLog = 0;
		};
/* End PBXShellScriptBuildPhase section */

/* Begin PBXSourcesBuildPhase section */
		A22DE82A25C7E9CB00F5B264 /* Sources */ = {
			isa = PBXSourcesBuildPhase;
			buildActionMask = 2147483647;
			files = (
				A26CBD0225CBD6BF00B1E376 /* UITextField+Extensions.swift in Sources */,
				A26CBCFD25CBD66800B1E376 /* UIView+Extensions.swift in Sources */,
				A22DE86A25C8821E00F5B264 /* SearchVC.swift in Sources */,
				A22DE87025C8832000F5B264 /* FavoritesVC.swift in Sources */,
				A22DE83225C7E9CB00F5B264 /* AppDelegate.swift in Sources */,
				A22DE83425C7E9CB00F5B264 /* SceneDelegate.swift in Sources */,
				A26CBD0E25CBDBBF00B1E376 /* APIKeys.swift in Sources */,
				A26CBD0625CBD72F00B1E376 /* UIImageView+Extensions.swift in Sources */,
				A22DE86425C881D800F5B264 /* GiphyTabBarController.swift in Sources */,
				A26CBD0B25CBDA7600B1E376 /* UserDefaultKeys.swift in Sources */,
			);
			runOnlyForDeploymentPostprocessing = 0;
		};
/* End PBXSourcesBuildPhase section */

/* Begin PBXVariantGroup section */
		A22DE83C25C7E9CC00F5B264 /* LaunchScreen.storyboard */ = {
			isa = PBXVariantGroup;
			children = (
				A22DE83D25C7E9CC00F5B264 /* Base */,
			);
			name = LaunchScreen.storyboard;
			sourceTree = "<group>";
		};
/* End PBXVariantGroup section */

/* Begin XCBuildConfiguration section */
		A22DE84025C7E9CC00F5B264 /* Debug */ = {
			isa = XCBuildConfiguration;
			buildSettings = {
				ALWAYS_SEARCH_USER_PATHS = NO;
				CLANG_ANALYZER_NONNULL = YES;
				CLANG_ANALYZER_NUMBER_OBJECT_CONVERSION = YES_AGGRESSIVE;
				CLANG_CXX_LANGUAGE_STANDARD = "gnu++14";
				CLANG_CXX_LIBRARY = "libc++";
				CLANG_ENABLE_MODULES = YES;
				CLANG_ENABLE_OBJC_ARC = YES;
				CLANG_ENABLE_OBJC_WEAK = YES;
				CLANG_WARN_BLOCK_CAPTURE_AUTORELEASING = YES;
				CLANG_WARN_BOOL_CONVERSION = YES;
				CLANG_WARN_COMMA = YES;
				CLANG_WARN_CONSTANT_CONVERSION = YES;
				CLANG_WARN_DEPRECATED_OBJC_IMPLEMENTATIONS = YES;
				CLANG_WARN_DIRECT_OBJC_ISA_USAGE = YES_ERROR;
				CLANG_WARN_DOCUMENTATION_COMMENTS = YES;
				CLANG_WARN_EMPTY_BODY = YES;
				CLANG_WARN_ENUM_CONVERSION = YES;
				CLANG_WARN_INFINITE_RECURSION = YES;
				CLANG_WARN_INT_CONVERSION = YES;
				CLANG_WARN_NON_LITERAL_NULL_CONVERSION = YES;
				CLANG_WARN_OBJC_IMPLICIT_RETAIN_SELF = YES;
				CLANG_WARN_OBJC_LITERAL_CONVERSION = YES;
				CLANG_WARN_OBJC_ROOT_CLASS = YES_ERROR;
				CLANG_WARN_QUOTED_INCLUDE_IN_FRAMEWORK_HEADER = YES;
				CLANG_WARN_RANGE_LOOP_ANALYSIS = YES;
				CLANG_WARN_STRICT_PROTOTYPES = YES;
				CLANG_WARN_SUSPICIOUS_MOVE = YES;
				CLANG_WARN_UNGUARDED_AVAILABILITY = YES_AGGRESSIVE;
				CLANG_WARN_UNREACHABLE_CODE = YES;
				CLANG_WARN__DUPLICATE_METHOD_MATCH = YES;
				COPY_PHASE_STRIP = NO;
				DEBUG_INFORMATION_FORMAT = dwarf;
				ENABLE_STRICT_OBJC_MSGSEND = YES;
				ENABLE_TESTABILITY = YES;
				GCC_C_LANGUAGE_STANDARD = gnu11;
				GCC_DYNAMIC_NO_PIC = NO;
				GCC_NO_COMMON_BLOCKS = YES;
				GCC_OPTIMIZATION_LEVEL = 0;
				GCC_PREPROCESSOR_DEFINITIONS = (
					"DEBUG=1",
					"$(inherited)",
				);
				GCC_WARN_64_TO_32_BIT_CONVERSION = YES;
				GCC_WARN_ABOUT_RETURN_TYPE = YES_ERROR;
				GCC_WARN_UNDECLARED_SELECTOR = YES;
				GCC_WARN_UNINITIALIZED_AUTOS = YES_AGGRESSIVE;
				GCC_WARN_UNUSED_FUNCTION = YES;
				GCC_WARN_UNUSED_VARIABLE = YES;
				IPHONEOS_DEPLOYMENT_TARGET = 13.0;
				MTL_ENABLE_DEBUG_INFO = INCLUDE_SOURCE;
				MTL_FAST_MATH = YES;
				ONLY_ACTIVE_ARCH = YES;
				SDKROOT = iphoneos;
				SWIFT_ACTIVE_COMPILATION_CONDITIONS = DEBUG;
				SWIFT_OPTIMIZATION_LEVEL = "-Onone";
			};
			name = Debug;
		};
		A22DE84125C7E9CC00F5B264 /* Release */ = {
			isa = XCBuildConfiguration;
			buildSettings = {
				ALWAYS_SEARCH_USER_PATHS = NO;
				CLANG_ANALYZER_NONNULL = YES;
				CLANG_ANALYZER_NUMBER_OBJECT_CONVERSION = YES_AGGRESSIVE;
				CLANG_CXX_LANGUAGE_STANDARD = "gnu++14";
				CLANG_CXX_LIBRARY = "libc++";
				CLANG_ENABLE_MODULES = YES;
				CLANG_ENABLE_OBJC_ARC = YES;
				CLANG_ENABLE_OBJC_WEAK = YES;
				CLANG_WARN_BLOCK_CAPTURE_AUTORELEASING = YES;
				CLANG_WARN_BOOL_CONVERSION = YES;
				CLANG_WARN_COMMA = YES;
				CLANG_WARN_CONSTANT_CONVERSION = YES;
				CLANG_WARN_DEPRECATED_OBJC_IMPLEMENTATIONS = YES;
				CLANG_WARN_DIRECT_OBJC_ISA_USAGE = YES_ERROR;
				CLANG_WARN_DOCUMENTATION_COMMENTS = YES;
				CLANG_WARN_EMPTY_BODY = YES;
				CLANG_WARN_ENUM_CONVERSION = YES;
				CLANG_WARN_INFINITE_RECURSION = YES;
				CLANG_WARN_INT_CONVERSION = YES;
				CLANG_WARN_NON_LITERAL_NULL_CONVERSION = YES;
				CLANG_WARN_OBJC_IMPLICIT_RETAIN_SELF = YES;
				CLANG_WARN_OBJC_LITERAL_CONVERSION = YES;
				CLANG_WARN_OBJC_ROOT_CLASS = YES_ERROR;
				CLANG_WARN_QUOTED_INCLUDE_IN_FRAMEWORK_HEADER = YES;
				CLANG_WARN_RANGE_LOOP_ANALYSIS = YES;
				CLANG_WARN_STRICT_PROTOTYPES = YES;
				CLANG_WARN_SUSPICIOUS_MOVE = YES;
				CLANG_WARN_UNGUARDED_AVAILABILITY = YES_AGGRESSIVE;
				CLANG_WARN_UNREACHABLE_CODE = YES;
				CLANG_WARN__DUPLICATE_METHOD_MATCH = YES;
				COPY_PHASE_STRIP = NO;
				DEBUG_INFORMATION_FORMAT = "dwarf-with-dsym";
				ENABLE_NS_ASSERTIONS = NO;
				ENABLE_STRICT_OBJC_MSGSEND = YES;
				GCC_C_LANGUAGE_STANDARD = gnu11;
				GCC_NO_COMMON_BLOCKS = YES;
				GCC_WARN_64_TO_32_BIT_CONVERSION = YES;
				GCC_WARN_ABOUT_RETURN_TYPE = YES_ERROR;
				GCC_WARN_UNDECLARED_SELECTOR = YES;
				GCC_WARN_UNINITIALIZED_AUTOS = YES_AGGRESSIVE;
				GCC_WARN_UNUSED_FUNCTION = YES;
				GCC_WARN_UNUSED_VARIABLE = YES;
				IPHONEOS_DEPLOYMENT_TARGET = 13.0;
				MTL_ENABLE_DEBUG_INFO = NO;
				MTL_FAST_MATH = YES;
				SDKROOT = iphoneos;
				SWIFT_COMPILATION_MODE = wholemodule;
				SWIFT_OPTIMIZATION_LEVEL = "-O";
				VALIDATE_PRODUCT = YES;
			};
			name = Release;
		};
		A22DE84325C7E9CC00F5B264 /* Debug */ = {
			isa = XCBuildConfiguration;
			baseConfigurationReference = EBD3D52B76689EE277B530FD /* Pods-Watcha-Task.debug.xcconfig */;
			buildSettings = {
				ASSETCATALOG_COMPILER_APPICON_NAME = AppIcon;
				ASSETCATALOG_COMPILER_GLOBAL_ACCENT_COLOR_NAME = AccentColor;
				CODE_SIGN_STYLE = Automatic;
				DEVELOPMENT_TEAM = HAWSBW2KW5;
				INFOPLIST_FILE = "Watcha-Task/Resource/Apps/Info.plist";
				LD_RUNPATH_SEARCH_PATHS = (
					"$(inherited)",
					"@executable_path/Frameworks",
				);
				PRODUCT_BUNDLE_IDENTIFIER = "Juhyeoklee.Watcha-Task";
				PRODUCT_NAME = "$(TARGET_NAME)";
				SWIFT_VERSION = 5.0;
				TARGETED_DEVICE_FAMILY = 1;
			};
			name = Debug;
		};
		A22DE84425C7E9CC00F5B264 /* Release */ = {
			isa = XCBuildConfiguration;
			baseConfigurationReference = 068B8FF54160F20F46CAC2B0 /* Pods-Watcha-Task.release.xcconfig */;
			buildSettings = {
				ASSETCATALOG_COMPILER_APPICON_NAME = AppIcon;
				ASSETCATALOG_COMPILER_GLOBAL_ACCENT_COLOR_NAME = AccentColor;
				CODE_SIGN_STYLE = Automatic;
				DEVELOPMENT_TEAM = HAWSBW2KW5;
				INFOPLIST_FILE = "Watcha-Task/Resource/Apps/Info.plist";
				LD_RUNPATH_SEARCH_PATHS = (
					"$(inherited)",
					"@executable_path/Frameworks",
				);
				PRODUCT_BUNDLE_IDENTIFIER = "Juhyeoklee.Watcha-Task";
				PRODUCT_NAME = "$(TARGET_NAME)";
				SWIFT_VERSION = 5.0;
				TARGETED_DEVICE_FAMILY = 1;
			};
			name = Release;
		};
/* End XCBuildConfiguration section */

/* Begin XCConfigurationList section */
		A22DE82925C7E9CB00F5B264 /* Build configuration list for PBXProject "Watcha-Task" */ = {
			isa = XCConfigurationList;
			buildConfigurations = (
				A22DE84025C7E9CC00F5B264 /* Debug */,
				A22DE84125C7E9CC00F5B264 /* Release */,
			);
			defaultConfigurationIsVisible = 0;
			defaultConfigurationName = Release;
		};
		A22DE84225C7E9CC00F5B264 /* Build configuration list for PBXNativeTarget "Watcha-Task" */ = {
			isa = XCConfigurationList;
			buildConfigurations = (
				A22DE84325C7E9CC00F5B264 /* Debug */,
				A22DE84425C7E9CC00F5B264 /* Release */,
			);
			defaultConfigurationIsVisible = 0;
			defaultConfigurationName = Release;
		};
/* End XCConfigurationList section */
	};
	rootObject = A22DE82625C7E9CB00F5B264 /* Project object */;
}
